
Microsoft Visual Studio Solution File, Format Version 10.00
# Visual Studio 2008
Project("{F2A71F9B-5D33-465A-A702-920D77279786}") = "WinForms", "WinForms\WinForms.fsproj", "{5B90C9C3-207A-4EAF-AC43-5594440F64BC}"
EndProject
Project("{F2A71F9B-5D33-465A-A702-920D77279786}") = "cs2fs", "cs2fs\cs2fs.fsproj", "{FA363B8B-F1D1-4806-BFFA-BBAFC2B5E0C7}"
EndProject
Global
	GlobalSection(SolutionConfigurationPlatforms) = preSolution
		Debug|Any CPU = Debug|Any CPU
		Release|Any CPU = Release|Any CPU
	EndGlobalSection
	GlobalSection(ProjectConfigurationPlatforms) = postSolution
		{5B90C9C3-207A-4EAF-AC43-5594440F64BC}.Debug|Any CPU.ActiveCfg = Debug|Any CPU
		{5B90C9C3-207A-4EAF-AC43-5594440F64BC}.Debug|Any CPU.Build.0 = Debug|Any CPU
		{5B90C9C3-207A-4EAF-AC43-5594440F64BC}.Release|Any CPU.ActiveCfg = Release|Any CPU
		{5B90C9C3-207A-4EAF-AC43-5594440F64BC}.Release|Any CPU.Build.0 = Release|Any CPU
		{FA363B8B-F1D1-4806-BFFA-BBAFC2B5E0C7}.Debug|Any CPU.ActiveCfg = Debug|Any CPU
		{FA363B8B-F1D1-4806-BFFA-BBAFC2B5E0C7}.Debug|Any CPU.Build.0 = Debug|Any CPU
		{FA363B8B-F1D1-4806-BFFA-BBAFC2B5E0C7}.Release|Any CPU.ActiveCfg = Release|Any CPU
		{FA363B8B-F1D1-4806-BFFA-BBAFC2B5E0C7}.Release|Any CPU.Build.0 = Release|Any CPU
	EndGlobalSection
	GlobalSection(SolutionProperties) = preSolution
		HideSolutionNode = FALSE
	EndGlobalSection
EndGlobal
